
Microsoft Visual Studio Solution File, Format Version 12.00
# Visual Studio Version 16
VisualStudioVersion = 16.0.29728.190
MinimumVisualStudioVersion = 10.0.40219.1
Project("{FAE04EC0-301F-11D3-BF4B-00C04F79EFBC}") = "PestControlMapper", "PestControlMapper\PestControlMapper.csproj", "{F350F5A0-853D-454B-A85E-A0E106C72385}"
EndProject
Global
	GlobalSection(SolutionConfigurationPlatforms) = preSolution
		Debug|Any CPU = Debug|Any CPU
		Release|Any CPU = Release|Any CPU
	EndGlobalSection
	GlobalSection(ProjectConfigurationPlatforms) = postSolution
		{F350F5A0-853D-454B-A85E-A0E106C72385}.Debug|Any CPU.ActiveCfg = Debug|Any CPU
		{F350F5A0-853D-454B-A85E-A0E106C72385}.Debug|Any CPU.Build.0 = Debug|Any CPU
		{F350F5A0-853D-454B-A85E-A0E106C72385}.Release|Any CPU.ActiveCfg = Release|Any CPU
		{F350F5A0-853D-454B-A85E-A0E106C72385}.Release|Any CPU.Build.0 = Release|Any CPU
	EndGlobalSection
	GlobalSection(SolutionProperties) = preSolution
		HideSolutionNode = FALSE
	EndGlobalSection
	GlobalSection(ExtensibilityGlobals) = postSolution
		SolutionGuid = {5C7ABC0B-D41D-44E0-AD6E-7DE002269F12}
	EndGlobalSection
EndGlobal
